# THIS IS AN AUTOGENERATED FILE. DO NOT EDIT THIS FILE DIRECTLY.
# yarn lockfile v1


uikit@^3.7.2:
  version "3.7.2"
  resolved "https://registry.yarnpkg.com/uikit/-/uikit-3.7.2.tgz#d38c2787ce653c1eee5535badd95814f1df64c3e"
  integrity sha512-r1EUtsm3vCLZPlAi8rWP5diQVtnHYnYiX2NHLciTmC+SIMbRJ/aTOb2A1Vkwa3Kx4Dybx5XRIUwXUrRmssx40Q==
